// !$*UTF8*$!
{
	archiveVersion = 1;
	classes = {
	};
	objectVersion = 56;
	objects = {

/* Begin PBXBuildFile section */
		6C73F83E2ADE3E7600A1B0D7 /* ThemeView.swift in Sources */ = {isa = PBXBuildFile; fileRef = 6C73F83D2ADE3E7600A1B0D7 /* ThemeView.swift */; };
		6C73F8402ADE43EB00A1B0D7 /* RToLView.swift in Sources */ = {isa = PBXBuildFile; fileRef = 6C73F83F2ADE43EB00A1B0D7 /* RToLView.swift */; };
		6C73F8422ADE51F000A1B0D7 /* CustomEnvironmentKeyTestView.swift in Sources */ = {isa = PBXBuildFile; fileRef = 6C73F8412ADE51F000A1B0D7 /* CustomEnvironmentKeyTestView.swift */; };
		6C73F8462ADE6F5600A1B0D7 /* Theme.swift in Sources */ = {isa = PBXBuildFile; fileRef = 6C73F8452ADE6F5600A1B0D7 /* Theme.swift */; };
		6C73F84A2ADEA22E00A1B0D7 /* UserInfo.swift in Sources */ = {isa = PBXBuildFile; fileRef = 6C73F8492ADEA22E00A1B0D7 /* UserInfo.swift */; };
		6C73F84C2ADEA29600A1B0D7 /* UserInfoView.swift in Sources */ = {isa = PBXBuildFile; fileRef = 6C73F84B2ADEA29600A1B0D7 /* UserInfoView.swift */; };
		6C73F8502ADEBAC000A1B0D7 /* GestureView.swift in Sources */ = {isa = PBXBuildFile; fileRef = 6C73F84F2ADEBAC000A1B0D7 /* GestureView.swift */; };
		6C9F936F2ACBDFA50015C75D /* studyApp.swift in Sources */ = {isa = PBXBuildFile; fileRef = 6C9F936E2ACBDFA50015C75D /* studyApp.swift */; };
		6C9F93712ACBDFA50015C75D /* ContentView.swift in Sources */ = {isa = PBXBuildFile; fileRef = 6C9F93702ACBDFA50015C75D /* ContentView.swift */; };
		6C9F93732ACBDFA70015C75D /* Assets.xcassets in Resources */ = {isa = PBXBuildFile; fileRef = 6C9F93722ACBDFA70015C75D /* Assets.xcassets */; };
		6C9F93762ACBDFA70015C75D /* Preview Assets.xcassets in Resources */ = {isa = PBXBuildFile; fileRef = 6C9F93752ACBDFA70015C75D /* Preview Assets.xcassets */; };
		6C9F937E2ACBE0BE0015C75D /* MenuView.swift in Sources */ = {isa = PBXBuildFile; fileRef = 6C9F937D2ACBE0BE0015C75D /* MenuView.swift */; };
		6C9F93802ACBE81F0015C75D /* LazyVGridView.swift in Sources */ = {isa = PBXBuildFile; fileRef = 6C9F937F2ACBE81F0015C75D /* LazyVGridView.swift */; };
		6C9F93822ACBF5B60015C75D /* SegmentLayoutView.swift in Sources */ = {isa = PBXBuildFile; fileRef = 6C9F93812ACBF5B60015C75D /* SegmentLayoutView.swift */; };
		6C9F93842ACC112A0015C75D /* ReducxView.swift in Sources */ = {isa = PBXBuildFile; fileRef = 6C9F93832ACC112A0015C75D /* ReducxView.swift */; };
		6C9F93872ACC13B10015C75D /* DiceView.swift in Sources */ = {isa = PBXBuildFile; fileRef = 6C9F93862ACC13B10015C75D /* DiceView.swift */; };
		6C9F93892ACC14FF0015C75D /* AppState.swift in Sources */ = {isa = PBXBuildFile; fileRef = 6C9F93882ACC14FF0015C75D /* AppState.swift */; };
		6C9F938B2ACC155F0015C75D /* AppAction.swift in Sources */ = {isa = PBXBuildFile; fileRef = 6C9F938A2ACC155F0015C75D /* AppAction.swift */; };
		6C9F938D2ACC15B00015C75D /* Reducer.swift in Sources */ = {isa = PBXBuildFile; fileRef = 6C9F938C2ACC15B00015C75D /* Reducer.swift */; };
		6C9F938F2ACC17B90015C75D /* AppStore.swift in Sources */ = {isa = PBXBuildFile; fileRef = 6C9F938E2ACC17B90015C75D /* AppStore.swift */; };
		6C9F93912ACC470E0015C75D /* InfiniteScrollView.swift in Sources */ = {isa = PBXBuildFile; fileRef = 6C9F93902ACC470E0015C75D /* InfiniteScrollView.swift */; };
		6C9F93942ACC47490015C75D /* InfiniteScrollViewModel.swift in Sources */ = {isa = PBXBuildFile; fileRef = 6C9F93932ACC47490015C75D /* InfiniteScrollViewModel.swift */; };
		6C9F93962ACC49150015C75D /* TestVStackView.swift in Sources */ = {isa = PBXBuildFile; fileRef = 6C9F93952ACC49150015C75D /* TestVStackView.swift */; };
		6C9F93982ACC49CD0015C75D /* RowView.swift in Sources */ = {isa = PBXBuildFile; fileRef = 6C9F93972ACC49CD0015C75D /* RowView.swift */; };
		6C9F939A2ACC55A90015C75D /* TestLazyVStackView.swift in Sources */ = {isa = PBXBuildFile; fileRef = 6C9F93992ACC55A90015C75D /* TestLazyVStackView.swift */; };
		6CE1BB7E2AD1C1FC0094158C /* ProfileImageView.swift in Sources */ = {isa = PBXBuildFile; fileRef = 6CE1BB7D2AD1C1FC0094158C /* ProfileImageView.swift */; };
		6CE1BB812AD1C23C0094158C /* URLImage in Frameworks */ = {isa = PBXBuildFile; productRef = 6CE1BB802AD1C23C0094158C /* URLImage */; };
		6CE1BB832AD1C23C0094158C /* URLImageStore in Frameworks */ = {isa = PBXBuildFile; productRef = 6CE1BB822AD1C23C0094158C /* URLImageStore */; };
		6CE1BB852AD1C4010094158C /* RandomUserRowView.swift in Sources */ = {isa = PBXBuildFile; fileRef = 6CE1BB842AD1C4010094158C /* RandomUserRowView.swift */; };
		6CE1BB882AD1C7290094158C /* Alamofire in Frameworks */ = {isa = PBXBuildFile; productRef = 6CE1BB872AD1C7290094158C /* Alamofire */; };
		6CE1BB8D2AD1C8080094158C /* RandomUser.swift in Sources */ = {isa = PBXBuildFile; fileRef = 6CE1BB8C2AD1C8080094158C /* RandomUser.swift */; };
		6CE1BB902AD1CACA0094158C /* RandomUserViewModel.swift in Sources */ = {isa = PBXBuildFile; fileRef = 6CE1BB8F2AD1CACA0094158C /* RandomUserViewModel.swift */; };
		6CE1BB922AD1CDAB0094158C /* RandomUserView.swift in Sources */ = {isa = PBXBuildFile; fileRef = 6CE1BB912AD1CDAB0094158C /* RandomUserView.swift */; };
		6CE1BB962AD2A74B0094158C /* SwiftUIIntrospect in Frameworks */ = {isa = PBXBuildFile; productRef = 6CE1BB952AD2A74B0094158C /* SwiftUIIntrospect */; };
		6CE1BB982AD2A74B0094158C /* SwiftUIIntrospect-Dynamic in Frameworks */ = {isa = PBXBuildFile; productRef = 6CE1BB972AD2A74B0094158C /* SwiftUIIntrospect-Dynamic */; };
		6CE1BB9A2AD2A74B0094158C /* SwiftUIIntrospect-Static in Frameworks */ = {isa = PBXBuildFile; productRef = 6CE1BB992AD2A74B0094158C /* SwiftUIIntrospect-Static */; };
		6CE1BB9D2AD2AA180094158C /* IntrospectInUseView.swift in Sources */ = {isa = PBXBuildFile; fileRef = 6CE1BB9C2AD2AA180094158C /* IntrospectInUseView.swift */; };
		6CE1BB9F2AD2B2280094158C /* RefreshableModifierView.swift in Sources */ = {isa = PBXBuildFile; fileRef = 6CE1BB9E2AD2B2280094158C /* RefreshableModifierView.swift */; };
		6CE1BBA22AD2B46C0094158C /* RandomUserRouter.swift in Sources */ = {isa = PBXBuildFile; fileRef = 6CE1BBA12AD2B46C0094158C /* RandomUserRouter.swift */; };
		6CE1BBA52AD2D4720094158C /* DarkModeView.swift in Sources */ = {isa = PBXBuildFile; fileRef = 6CE1BBA42AD2D4720094158C /* DarkModeView.swift */; };
		6CE1BBA62AD2DE970094158C /* references.md in Resources */ = {isa = PBXBuildFile; fileRef = 6CE1BB932AD1D45B0094158C /* references.md */; };
		6CECD0D62AFD04EC00C521E0 /* VStackTestView.swift in Sources */ = {isa = PBXBuildFile; fileRef = 6CECD0D52AFD04EC00C521E0 /* VStackTestView.swift */; };
		6CECD0D82AFD0E4700C521E0 /* IdealSize.swift in Sources */ = {isa = PBXBuildFile; fileRef = 6CECD0D72AFD0E4700C521E0 /* IdealSize.swift */; };
		6CECD0DA2AFD3B1400C521E0 /* FrameAndFixedSize.swift in Sources */ = {isa = PBXBuildFile; fileRef = 6CECD0D92AFD3B1400C521E0 /* FrameAndFixedSize.swift */; };
		6CECD0DC2AFD3D3000C521E0 /* ProposedSizeTest.swift in Sources */ = {isa = PBXBuildFile; fileRef = 6CECD0DB2AFD3D3000C521E0 /* ProposedSizeTest.swift */; };
		6CECD0DE2AFFD0FB00C521E0 /* BasicLayoutView.swift in Sources */ = {isa = PBXBuildFile; fileRef = 6CECD0DD2AFFD0FB00C521E0 /* BasicLayoutView.swift */; };
		6CECD0E22B04C26F00C521E0 /* ObservableMacroContentView.swift in Sources */ = {isa = PBXBuildFile; fileRef = 6CECD0E12B04C26F00C521E0 /* ObservableMacroContentView.swift */; };
		6CECD0E42B04C2A500C521E0 /* ObservationContentView.swift in Sources */ = {isa = PBXBuildFile; fileRef = 6CECD0E32B04C2A500C521E0 /* ObservationContentView.swift */; };
		6CECD0E62B04C30E00C521E0 /* BookStore.swift in Sources */ = {isa = PBXBuildFile; fileRef = 6CECD0E52B04C30E00C521E0 /* BookStore.swift */; };
		6CECD0E82B04DC6600C521E0 /* ObservedObjectCarFactoryTestView.swift in Sources */ = {isa = PBXBuildFile; fileRef = 6CECD0E72B04DC6600C521E0 /* ObservedObjectCarFactoryTestView.swift */; };
		6CECD0EA2B04FB9E00C521E0 /* ObservableTestView.swift in Sources */ = {isa = PBXBuildFile; fileRef = 6CECD0E92B04FB9E00C521E0 /* ObservableTestView.swift */; };
		6CECD0EC2B04FE9300C521E0 /* DebuggingTextView.swift in Sources */ = {isa = PBXBuildFile; fileRef = 6CECD0EB2B04FE9300C521E0 /* DebuggingTextView.swift */; };
		6CEE81D42B0679EF0021640B /* CombineTestContentView.swift in Sources */ = {isa = PBXBuildFile; fileRef = 6CEE81D32B0679EF0021640B /* CombineTestContentView.swift */; };
		6CEE81D62B067B560021640B /* AdvancedCombineView.swift in Sources */ = {isa = PBXBuildFile; fileRef = 6CEE81D52B067B560021640B /* AdvancedCombineView.swift */; };
		6CF9C64F2ADBA2110016E2F3 /* Week7ContentView.swift in Sources */ = {isa = PBXBuildFile; fileRef = 6CF9C64E2ADBA2110016E2F3 /* Week7ContentView.swift */; };
		6CF9C6512ADD549D0016E2F3 /* CustomWebView.swift in Sources */ = {isa = PBXBuildFile; fileRef = 6CF9C6502ADD549D0016E2F3 /* CustomWebView.swift */; };
		6CF9C6532ADD59E00016E2F3 /* TextFieldAlertView.swift in Sources */ = {isa = PBXBuildFile; fileRef = 6CF9C6522ADD59E00016E2F3 /* TextFieldAlertView.swift */; };
		6CF9C6552ADD67AE0016E2F3 /* WebViewModel.swift in Sources */ = {isa = PBXBuildFile; fileRef = 6CF9C6542ADD67AE0016E2F3 /* WebViewModel.swift */; };
		6CF9C6572ADD7C320016E2F3 /* JSAlert.swift in Sources */ = {isa = PBXBuildFile; fileRef = 6CF9C6562ADD7C320016E2F3 /* JSAlert.swift */; };
		6CF9C6592ADDF2EF0016E2F3 /* WebViewRefreshController.swift in Sources */ = {isa = PBXBuildFile; fileRef = 6CF9C6582ADDF2EF0016E2F3 /* WebViewRefreshController.swift */; };
/* End PBXBuildFile section */

/* Begin PBXFileReference section */
		6C73F83D2ADE3E7600A1B0D7 /* ThemeView.swift */ = {isa = PBXFileReference; lastKnownFileType = sourcecode.swift; path = ThemeView.swift; sourceTree = "<group>"; };
		6C73F83F2ADE43EB00A1B0D7 /* RToLView.swift */ = {isa = PBXFileReference; lastKnownFileType = sourcecode.swift; path = RToLView.swift; sourceTree = "<group>"; };
		6C73F8412ADE51F000A1B0D7 /* CustomEnvironmentKeyTestView.swift */ = {isa = PBXFileReference; lastKnownFileType = sourcecode.swift; path = CustomEnvironmentKeyTestView.swift; sourceTree = "<group>"; };
		6C73F8452ADE6F5600A1B0D7 /* Theme.swift */ = {isa = PBXFileReference; lastKnownFileType = sourcecode.swift; path = Theme.swift; sourceTree = "<group>"; };
		6C73F8492ADEA22E00A1B0D7 /* UserInfo.swift */ = {isa = PBXFileReference; lastKnownFileType = sourcecode.swift; path = UserInfo.swift; sourceTree = "<group>"; };
		6C73F84B2ADEA29600A1B0D7 /* UserInfoView.swift */ = {isa = PBXFileReference; lastKnownFileType = sourcecode.swift; path = UserInfoView.swift; sourceTree = "<group>"; };
		6C73F84F2ADEBAC000A1B0D7 /* GestureView.swift */ = {isa = PBXFileReference; lastKnownFileType = sourcecode.swift; path = GestureView.swift; sourceTree = "<group>"; };
		6C9F936B2ACBDFA50015C75D /* study.app */ = {isa = PBXFileReference; explicitFileType = wrapper.application; includeInIndex = 0; path = study.app; sourceTree = BUILT_PRODUCTS_DIR; };
		6C9F936E2ACBDFA50015C75D /* studyApp.swift */ = {isa = PBXFileReference; lastKnownFileType = sourcecode.swift; path = studyApp.swift; sourceTree = "<group>"; };
		6C9F93702ACBDFA50015C75D /* ContentView.swift */ = {isa = PBXFileReference; lastKnownFileType = sourcecode.swift; path = ContentView.swift; sourceTree = "<group>"; };
		6C9F93722ACBDFA70015C75D /* Assets.xcassets */ = {isa = PBXFileReference; lastKnownFileType = folder.assetcatalog; path = Assets.xcassets; sourceTree = "<group>"; };
		6C9F93752ACBDFA70015C75D /* Preview Assets.xcassets */ = {isa = PBXFileReference; lastKnownFileType = folder.assetcatalog; path = "Preview Assets.xcassets"; sourceTree = "<group>"; };
		6C9F937D2ACBE0BE0015C75D /* MenuView.swift */ = {isa = PBXFileReference; lastKnownFileType = sourcecode.swift; path = MenuView.swift; sourceTree = "<group>"; };
		6C9F937F2ACBE81F0015C75D /* LazyVGridView.swift */ = {isa = PBXFileReference; lastKnownFileType = sourcecode.swift; path = LazyVGridView.swift; sourceTree = "<group>"; };
		6C9F93812ACBF5B60015C75D /* SegmentLayoutView.swift */ = {isa = PBXFileReference; lastKnownFileType = sourcecode.swift; path = SegmentLayoutView.swift; sourceTree = "<group>"; };
		6C9F93832ACC112A0015C75D /* ReducxView.swift */ = {isa = PBXFileReference; lastKnownFileType = sourcecode.swift; path = ReducxView.swift; sourceTree = "<group>"; };
		6C9F93862ACC13B10015C75D /* DiceView.swift */ = {isa = PBXFileReference; lastKnownFileType = sourcecode.swift; path = DiceView.swift; sourceTree = "<group>"; };
		6C9F93882ACC14FF0015C75D /* AppState.swift */ = {isa = PBXFileReference; lastKnownFileType = sourcecode.swift; path = AppState.swift; sourceTree = "<group>"; };
		6C9F938A2ACC155F0015C75D /* AppAction.swift */ = {isa = PBXFileReference; lastKnownFileType = sourcecode.swift; path = AppAction.swift; sourceTree = "<group>"; };
		6C9F938C2ACC15B00015C75D /* Reducer.swift */ = {isa = PBXFileReference; lastKnownFileType = sourcecode.swift; path = Reducer.swift; sourceTree = "<group>"; };
		6C9F938E2ACC17B90015C75D /* AppStore.swift */ = {isa = PBXFileReference; lastKnownFileType = sourcecode.swift; path = AppStore.swift; sourceTree = "<group>"; };
		6C9F93902ACC470E0015C75D /* InfiniteScrollView.swift */ = {isa = PBXFileReference; lastKnownFileType = sourcecode.swift; path = InfiniteScrollView.swift; sourceTree = "<group>"; };
		6C9F93932ACC47490015C75D /* InfiniteScrollViewModel.swift */ = {isa = PBXFileReference; lastKnownFileType = sourcecode.swift; path = InfiniteScrollViewModel.swift; sourceTree = "<group>"; };
		6C9F93952ACC49150015C75D /* TestVStackView.swift */ = {isa = PBXFileReference; lastKnownFileType = sourcecode.swift; path = TestVStackView.swift; sourceTree = "<group>"; };
		6C9F93972ACC49CD0015C75D /* RowView.swift */ = {isa = PBXFileReference; lastKnownFileType = sourcecode.swift; path = RowView.swift; sourceTree = "<group>"; };
		6C9F93992ACC55A90015C75D /* TestLazyVStackView.swift */ = {isa = PBXFileReference; lastKnownFileType = sourcecode.swift; path = TestLazyVStackView.swift; sourceTree = "<group>"; };
		6CE1BB7D2AD1C1FC0094158C /* ProfileImageView.swift */ = {isa = PBXFileReference; lastKnownFileType = sourcecode.swift; path = ProfileImageView.swift; sourceTree = "<group>"; };
		6CE1BB842AD1C4010094158C /* RandomUserRowView.swift */ = {isa = PBXFileReference; lastKnownFileType = sourcecode.swift; path = RandomUserRowView.swift; sourceTree = "<group>"; };
		6CE1BB8C2AD1C8080094158C /* RandomUser.swift */ = {isa = PBXFileReference; lastKnownFileType = sourcecode.swift; path = RandomUser.swift; sourceTree = "<group>"; };
		6CE1BB8F2AD1CACA0094158C /* RandomUserViewModel.swift */ = {isa = PBXFileReference; lastKnownFileType = sourcecode.swift; path = RandomUserViewModel.swift; sourceTree = "<group>"; };
		6CE1BB912AD1CDAB0094158C /* RandomUserView.swift */ = {isa = PBXFileReference; lastKnownFileType = sourcecode.swift; path = RandomUserView.swift; sourceTree = "<group>"; };
		6CE1BB932AD1D45B0094158C /* references.md */ = {isa = PBXFileReference; lastKnownFileType = net.daringfireball.markdown; path = references.md; sourceTree = "<group>"; };
		6CE1BB9C2AD2AA180094158C /* IntrospectInUseView.swift */ = {isa = PBXFileReference; lastKnownFileType = sourcecode.swift; path = IntrospectInUseView.swift; sourceTree = "<group>"; };
		6CE1BB9E2AD2B2280094158C /* RefreshableModifierView.swift */ = {isa = PBXFileReference; lastKnownFileType = sourcecode.swift; path = RefreshableModifierView.swift; sourceTree = "<group>"; };
		6CE1BBA12AD2B46C0094158C /* RandomUserRouter.swift */ = {isa = PBXFileReference; lastKnownFileType = sourcecode.swift; path = RandomUserRouter.swift; sourceTree = "<group>"; };
		6CE1BBA42AD2D4720094158C /* DarkModeView.swift */ = {isa = PBXFileReference; lastKnownFileType = sourcecode.swift; path = DarkModeView.swift; sourceTree = "<group>"; };
		6CECD0D52AFD04EC00C521E0 /* VStackTestView.swift */ = {isa = PBXFileReference; lastKnownFileType = sourcecode.swift; path = VStackTestView.swift; sourceTree = "<group>"; };
		6CECD0D72AFD0E4700C521E0 /* IdealSize.swift */ = {isa = PBXFileReference; lastKnownFileType = sourcecode.swift; path = IdealSize.swift; sourceTree = "<group>"; };
		6CECD0D92AFD3B1400C521E0 /* FrameAndFixedSize.swift */ = {isa = PBXFileReference; lastKnownFileType = sourcecode.swift; path = FrameAndFixedSize.swift; sourceTree = "<group>"; };
		6CECD0DB2AFD3D3000C521E0 /* ProposedSizeTest.swift */ = {isa = PBXFileReference; lastKnownFileType = sourcecode.swift; path = ProposedSizeTest.swift; sourceTree = "<group>"; };
		6CECD0DD2AFFD0FB00C521E0 /* BasicLayoutView.swift */ = {isa = PBXFileReference; lastKnownFileType = sourcecode.swift; path = BasicLayoutView.swift; sourceTree = "<group>"; };
		6CECD0E12B04C26F00C521E0 /* ObservableMacroContentView.swift */ = {isa = PBXFileReference; lastKnownFileType = sourcecode.swift; path = ObservableMacroContentView.swift; sourceTree = "<group>"; };
		6CECD0E32B04C2A500C521E0 /* ObservationContentView.swift */ = {isa = PBXFileReference; lastKnownFileType = sourcecode.swift; path = ObservationContentView.swift; sourceTree = "<group>"; };
		6CECD0E52B04C30E00C521E0 /* BookStore.swift */ = {isa = PBXFileReference; lastKnownFileType = sourcecode.swift; path = BookStore.swift; sourceTree = "<group>"; };
		6CECD0E72B04DC6600C521E0 /* ObservedObjectCarFactoryTestView.swift */ = {isa = PBXFileReference; lastKnownFileType = sourcecode.swift; path = ObservedObjectCarFactoryTestView.swift; sourceTree = "<group>"; };
		6CECD0E92B04FB9E00C521E0 /* ObservableTestView.swift */ = {isa = PBXFileReference; lastKnownFileType = sourcecode.swift; path = ObservableTestView.swift; sourceTree = "<group>"; };
		6CECD0EB2B04FE9300C521E0 /* DebuggingTextView.swift */ = {isa = PBXFileReference; lastKnownFileType = sourcecode.swift; path = DebuggingTextView.swift; sourceTree = "<group>"; };
		6CEE81D32B0679EF0021640B /* CombineTestContentView.swift */ = {isa = PBXFileReference; lastKnownFileType = sourcecode.swift; path = CombineTestContentView.swift; sourceTree = "<group>"; };
		6CEE81D52B067B560021640B /* AdvancedCombineView.swift */ = {isa = PBXFileReference; lastKnownFileType = sourcecode.swift; path = AdvancedCombineView.swift; sourceTree = "<group>"; };
		6CF9C64E2ADBA2110016E2F3 /* Week7ContentView.swift */ = {isa = PBXFileReference; lastKnownFileType = sourcecode.swift; path = Week7ContentView.swift; sourceTree = "<group>"; };
		6CF9C6502ADD549D0016E2F3 /* CustomWebView.swift */ = {isa = PBXFileReference; lastKnownFileType = sourcecode.swift; path = CustomWebView.swift; sourceTree = "<group>"; };
		6CF9C6522ADD59E00016E2F3 /* TextFieldAlertView.swift */ = {isa = PBXFileReference; lastKnownFileType = sourcecode.swift; path = TextFieldAlertView.swift; sourceTree = "<group>"; };
		6CF9C6542ADD67AE0016E2F3 /* WebViewModel.swift */ = {isa = PBXFileReference; lastKnownFileType = sourcecode.swift; path = WebViewModel.swift; sourceTree = "<group>"; };
		6CF9C6562ADD7C320016E2F3 /* JSAlert.swift */ = {isa = PBXFileReference; lastKnownFileType = sourcecode.swift; path = JSAlert.swift; sourceTree = "<group>"; };
		6CF9C6582ADDF2EF0016E2F3 /* WebViewRefreshController.swift */ = {isa = PBXFileReference; lastKnownFileType = sourcecode.swift; path = WebViewRefreshController.swift; sourceTree = "<group>"; };
/* End PBXFileReference section */

/* Begin PBXFrameworksBuildPhase section */
		6C9F93682ACBDFA50015C75D /* Frameworks */ = {
			isa = PBXFrameworksBuildPhase;
			buildActionMask = 2147483647;
			files = (
				6CE1BB882AD1C7290094158C /* Alamofire in Frameworks */,
				6CE1BB832AD1C23C0094158C /* URLImageStore in Frameworks */,
				6CE1BB812AD1C23C0094158C /* URLImage in Frameworks */,
				6CE1BB962AD2A74B0094158C /* SwiftUIIntrospect in Frameworks */,
				6CE1BB982AD2A74B0094158C /* SwiftUIIntrospect-Dynamic in Frameworks */,
				6CE1BB9A2AD2A74B0094158C /* SwiftUIIntrospect-Static in Frameworks */,
			);
			runOnlyForDeploymentPostprocessing = 0;
		};
/* End PBXFrameworksBuildPhase section */

/* Begin PBXGroup section */
		6C73F83C2ADE3E5500A1B0D7 /* Environment */ = {
			isa = PBXGroup;
			children = (
				6C73F83D2ADE3E7600A1B0D7 /* ThemeView.swift */,
				6C73F83F2ADE43EB00A1B0D7 /* RToLView.swift */,
				6C73F8412ADE51F000A1B0D7 /* CustomEnvironmentKeyTestView.swift */,
				6C73F8452ADE6F5600A1B0D7 /* Theme.swift */,
				6C73F8492ADEA22E00A1B0D7 /* UserInfo.swift */,
				6C73F84B2ADEA29600A1B0D7 /* UserInfoView.swift */,
			);
			path = Environment;
			sourceTree = "<group>";
		};
		6C9F93622ACBDFA50015C75D = {
			isa = PBXGroup;
			children = (
				6C9F936D2ACBDFA50015C75D /* study */,
				6C9F936C2ACBDFA50015C75D /* Products */,
			);
			sourceTree = "<group>";
		};
		6C9F936C2ACBDFA50015C75D /* Products */ = {
			isa = PBXGroup;
			children = (
				6C9F936B2ACBDFA50015C75D /* study.app */,
			);
			name = Products;
			sourceTree = "<group>";
		};
		6C9F936D2ACBDFA50015C75D /* study */ = {
			isa = PBXGroup;
			children = (
				6CEE81D22B0679DA0021640B /* Combine */,
				6CECD0DF2B04C24F00C521E0 /* Observation */,
				6CECD0D22AFCFF4900C521E0 /* Layout */,
				6C73F83C2ADE3E5500A1B0D7 /* Environment */,
				6CF9C64D2ADBA0E00016E2F3 /* 7week */,
				6CE1BB7A2AD1C09E0094158C /* 6week */,
				6C9F937C2ACBE0220015C75D /* 5주차 */,
				6C9F936E2ACBDFA50015C75D /* studyApp.swift */,
				6C9F93702ACBDFA50015C75D /* ContentView.swift */,
				6C9F93722ACBDFA70015C75D /* Assets.xcassets */,
				6C9F93742ACBDFA70015C75D /* Preview Content */,
			);
			path = study;
			sourceTree = "<group>";
		};
		6C9F93742ACBDFA70015C75D /* Preview Content */ = {
			isa = PBXGroup;
			children = (
				6C9F93752ACBDFA70015C75D /* Preview Assets.xcassets */,
			);
			path = "Preview Content";
			sourceTree = "<group>";
		};
		6C9F937C2ACBE0220015C75D /* 5주차 */ = {
			isa = PBXGroup;
			children = (
				6C9F937D2ACBE0BE0015C75D /* MenuView.swift */,
				6C9F937F2ACBE81F0015C75D /* LazyVGridView.swift */,
				6C9F93812ACBF5B60015C75D /* SegmentLayoutView.swift */,
				6C9F93852ACC13850015C75D /* Redux */,
				6C9F93922ACC471A0015C75D /* InfiniteScroll */,
			);
			name = "5주차";
			path = "5주차";
			sourceTree = "<group>";
		};
		6C9F93852ACC13850015C75D /* Redux */ = {
			isa = PBXGroup;
			children = (
				6C9F93832ACC112A0015C75D /* ReducxView.swift */,
				6C9F93862ACC13B10015C75D /* DiceView.swift */,
				6C9F93882ACC14FF0015C75D /* AppState.swift */,
				6C9F938A2ACC155F0015C75D /* AppAction.swift */,
				6C9F938C2ACC15B00015C75D /* Reducer.swift */,
				6C9F938E2ACC17B90015C75D /* AppStore.swift */,
			);
			path = Redux;
			sourceTree = "<group>";
		};
		6C9F93922ACC471A0015C75D /* InfiniteScroll */ = {
			isa = PBXGroup;
			children = (
				6C9F93952ACC49150015C75D /* TestVStackView.swift */,
				6C9F93992ACC55A90015C75D /* TestLazyVStackView.swift */,
				6C9F93902ACC470E0015C75D /* InfiniteScrollView.swift */,
				6C9F93932ACC47490015C75D /* InfiniteScrollViewModel.swift */,
				6C9F93972ACC49CD0015C75D /* RowView.swift */,
			);
			path = InfiniteScroll;
			sourceTree = "<group>";
		};
		6CE1BB7A2AD1C09E0094158C /* 6week */ = {
			isa = PBXGroup;
			children = (
				6CE1BB932AD1D45B0094158C /* references.md */,
				6CE1BB7B2AD1C1C50094158C /* RandomUserApi */,
				6CE1BB9B2AD2A9F40094158C /* RefreshControl */,
				6CE1BBA32AD2D43D0094158C /* DarkModeTutorial */,
			);
			path = 6week;
			sourceTree = "<group>";
		};
		6CE1BB7B2AD1C1C50094158C /* RandomUserApi */ = {
			isa = PBXGroup;
			children = (
				6CE1BBA02AD2B40F0094158C /* API */,
				6CE1BB8E2AD1CABB0094158C /* ViewModel */,
				6CE1BB892AD1C72D0094158C /* Model */,
				6CE1BB7C2AD1C1EA0094158C /* View */,
			);
			path = RandomUserApi;
			sourceTree = "<group>";
		};
		6CE1BB7C2AD1C1EA0094158C /* View */ = {
			isa = PBXGroup;
			children = (
				6CE1BB7D2AD1C1FC0094158C /* ProfileImageView.swift */,
				6CE1BB842AD1C4010094158C /* RandomUserRowView.swift */,
				6CE1BB912AD1CDAB0094158C /* RandomUserView.swift */,
				6CE1BB9E2AD2B2280094158C /* RefreshableModifierView.swift */,
			);
			path = View;
			sourceTree = "<group>";
		};
		6CE1BB892AD1C72D0094158C /* Model */ = {
			isa = PBXGroup;
			children = (
				6CE1BB8C2AD1C8080094158C /* RandomUser.swift */,
			);
			path = Model;
			sourceTree = "<group>";
		};
		6CE1BB8E2AD1CABB0094158C /* ViewModel */ = {
			isa = PBXGroup;
			children = (
				6CE1BB8F2AD1CACA0094158C /* RandomUserViewModel.swift */,
			);
			path = ViewModel;
			sourceTree = "<group>";
		};
		6CE1BB9B2AD2A9F40094158C /* RefreshControl */ = {
			isa = PBXGroup;
			children = (
				6CE1BB9C2AD2AA180094158C /* IntrospectInUseView.swift */,
			);
			path = RefreshControl;
			sourceTree = "<group>";
		};
		6CE1BBA02AD2B40F0094158C /* API */ = {
			isa = PBXGroup;
			children = (
				6CE1BBA12AD2B46C0094158C /* RandomUserRouter.swift */,
			);
			path = API;
			sourceTree = "<group>";
		};
		6CE1BBA32AD2D43D0094158C /* DarkModeTutorial */ = {
			isa = PBXGroup;
			children = (
				6CE1BBA42AD2D4720094158C /* DarkModeView.swift */,
			);
			path = DarkModeTutorial;
			sourceTree = "<group>";
		};
		6CECD0D22AFCFF4900C521E0 /* Layout */ = {
			isa = PBXGroup;
			children = (
				6CECD0D52AFD04EC00C521E0 /* VStackTestView.swift */,
				6CECD0D72AFD0E4700C521E0 /* IdealSize.swift */,
				6CECD0D92AFD3B1400C521E0 /* FrameAndFixedSize.swift */,
				6CECD0DB2AFD3D3000C521E0 /* ProposedSizeTest.swift */,
				6CECD0DD2AFFD0FB00C521E0 /* BasicLayoutView.swift */,
			);
			path = Layout;
			sourceTree = "<group>";
		};
		6CECD0DF2B04C24F00C521E0 /* Observation */ = {
			isa = PBXGroup;
			children = (
				6CECD0E32B04C2A500C521E0 /* ObservationContentView.swift */,
				6CECD0E02B04C25800C521E0 /* ObservableMacro */,
			);
			path = Observation;
			sourceTree = "<group>";
		};
		6CECD0E02B04C25800C521E0 /* ObservableMacro */ = {
			isa = PBXGroup;
			children = (
				6CECD0E12B04C26F00C521E0 /* ObservableMacroContentView.swift */,
				6CECD0E52B04C30E00C521E0 /* BookStore.swift */,
				6CECD0E72B04DC6600C521E0 /* ObservedObjectCarFactoryTestView.swift */,
				6CECD0E92B04FB9E00C521E0 /* ObservableTestView.swift */,
				6CECD0EB2B04FE9300C521E0 /* DebuggingTextView.swift */,
			);
			path = ObservableMacro;
			sourceTree = "<group>";
		};
		6CEE81D22B0679DA0021640B /* Combine */ = {
			isa = PBXGroup;
			children = (
				6CEE81D32B0679EF0021640B /* CombineTestContentView.swift */,
				6CEE81D52B067B560021640B /* AdvancedCombineView.swift */,
			);
			path = Combine;
			sourceTree = "<group>";
		};
		6CF9C64D2ADBA0E00016E2F3 /* 7week */ = {
			isa = PBXGroup;
			children = (
				6CF9C64E2ADBA2110016E2F3 /* Week7ContentView.swift */,
				6CF9C6502ADD549D0016E2F3 /* CustomWebView.swift */,
				6CF9C6522ADD59E00016E2F3 /* TextFieldAlertView.swift */,
				6CF9C6542ADD67AE0016E2F3 /* WebViewModel.swift */,
				6CF9C6562ADD7C320016E2F3 /* JSAlert.swift */,
				6CF9C6582ADDF2EF0016E2F3 /* WebViewRefreshController.swift */,
				6C73F84F2ADEBAC000A1B0D7 /* GestureView.swift */,
			);
			path = 7week;
			sourceTree = "<group>";
		};
/* End PBXGroup section */

/* Begin PBXNativeTarget section */
		6C9F936A2ACBDFA50015C75D /* study */ = {
			isa = PBXNativeTarget;
			buildConfigurationList = 6C9F93792ACBDFA70015C75D /* Build configuration list for PBXNativeTarget "study" */;
			buildPhases = (
				6C9F93672ACBDFA50015C75D /* Sources */,
				6C9F93682ACBDFA50015C75D /* Frameworks */,
				6C9F93692ACBDFA50015C75D /* Resources */,
			);
			buildRules = (
			);
			dependencies = (
			);
			name = study;
			packageProductDependencies = (
				6CE1BB802AD1C23C0094158C /* URLImage */,
				6CE1BB822AD1C23C0094158C /* URLImageStore */,
				6CE1BB872AD1C7290094158C /* Alamofire */,
				6CE1BB952AD2A74B0094158C /* SwiftUIIntrospect */,
				6CE1BB972AD2A74B0094158C /* SwiftUIIntrospect-Dynamic */,
				6CE1BB992AD2A74B0094158C /* SwiftUIIntrospect-Static */,
			);
			productName = study;
			productReference = 6C9F936B2ACBDFA50015C75D /* study.app */;
			productType = "com.apple.product-type.application";
		};
/* End PBXNativeTarget section */

/* Begin PBXProject section */
		6C9F93632ACBDFA50015C75D /* Project object */ = {
			isa = PBXProject;
			attributes = {
				BuildIndependentTargetsInParallel = 1;
				LastSwiftUpdateCheck = 1500;
				LastUpgradeCheck = 1500;
				TargetAttributes = {
					6C9F936A2ACBDFA50015C75D = {
						CreatedOnToolsVersion = 15.0;
					};
				};
			};
			buildConfigurationList = 6C9F93662ACBDFA50015C75D /* Build configuration list for PBXProject "study" */;
			compatibilityVersion = "Xcode 14.0";
			developmentRegion = en;
			hasScannedForEncodings = 0;
			knownRegions = (
				en,
				Base,
			);
			mainGroup = 6C9F93622ACBDFA50015C75D;
			packageReferences = (
				6CE1BB7F2AD1C23B0094158C /* XCRemoteSwiftPackageReference "url-image" */,
				6CE1BB862AD1C7290094158C /* XCRemoteSwiftPackageReference "Alamofire" */,
				6CE1BB942AD2A74A0094158C /* XCRemoteSwiftPackageReference "swiftui-introspect" */,
			);
			productRefGroup = 6C9F936C2ACBDFA50015C75D /* Products */;
			projectDirPath = "";
			projectRoot = "";
			targets = (
				6C9F936A2ACBDFA50015C75D /* study */,
			);
		};
/* End PBXProject section */

/* Begin PBXResourcesBuildPhase section */
		6C9F93692ACBDFA50015C75D /* Resources */ = {
			isa = PBXResourcesBuildPhase;
			buildActionMask = 2147483647;
			files = (
				6CE1BBA62AD2DE970094158C /* references.md in Resources */,
				6C9F93762ACBDFA70015C75D /* Preview Assets.xcassets in Resources */,
				6C9F93732ACBDFA70015C75D /* Assets.xcassets in Resources */,
			);
			runOnlyForDeploymentPostprocessing = 0;
		};
/* End PBXResourcesBuildPhase section */

/* Begin PBXSourcesBuildPhase section */
		6C9F93672ACBDFA50015C75D /* Sources */ = {
			isa = PBXSourcesBuildPhase;
			buildActionMask = 2147483647;
			files = (
				6CECD0EC2B04FE9300C521E0 /* DebuggingTextView.swift in Sources */,
				6CE1BB9F2AD2B2280094158C /* RefreshableModifierView.swift in Sources */,
				6CE1BB9D2AD2AA180094158C /* IntrospectInUseView.swift in Sources */,
				6CE1BBA22AD2B46C0094158C /* RandomUserRouter.swift in Sources */,
				6C73F8402ADE43EB00A1B0D7 /* RToLView.swift in Sources */,
				6CECD0D82AFD0E4700C521E0 /* IdealSize.swift in Sources */,
				6CEE81D42B0679EF0021640B /* CombineTestContentView.swift in Sources */,
				6CF9C6552ADD67AE0016E2F3 /* WebViewModel.swift in Sources */,
				6C73F84C2ADEA29600A1B0D7 /* UserInfoView.swift in Sources */,
				6C73F8502ADEBAC000A1B0D7 /* GestureView.swift in Sources */,
				6C9F93942ACC47490015C75D /* InfiniteScrollViewModel.swift in Sources */,
				6CE1BB7E2AD1C1FC0094158C /* ProfileImageView.swift in Sources */,
				6C9F93982ACC49CD0015C75D /* RowView.swift in Sources */,
				6CF9C6572ADD7C320016E2F3 /* JSAlert.swift in Sources */,
				6CECD0E22B04C26F00C521E0 /* ObservableMacroContentView.swift in Sources */,
				6C9F93712ACBDFA50015C75D /* ContentView.swift in Sources */,
				6CE1BB902AD1CACA0094158C /* RandomUserViewModel.swift in Sources */,
				6CF9C6512ADD549D0016E2F3 /* CustomWebView.swift in Sources */,
				6C9F93962ACC49150015C75D /* TestVStackView.swift in Sources */,
				6CE1BB852AD1C4010094158C /* RandomUserRowView.swift in Sources */,
				6C9F93842ACC112A0015C75D /* ReducxView.swift in Sources */,
				6CECD0EA2B04FB9E00C521E0 /* ObservableTestView.swift in Sources */,
				6CECD0E42B04C2A500C521E0 /* ObservationContentView.swift in Sources */,
				6CE1BBA52AD2D4720094158C /* DarkModeView.swift in Sources */,
				6C73F84A2ADEA22E00A1B0D7 /* UserInfo.swift in Sources */,
				6C9F93822ACBF5B60015C75D /* SegmentLayoutView.swift in Sources */,
				6CECD0E82B04DC6600C521E0 /* ObservedObjectCarFactoryTestView.swift in Sources */,
				6CE1BB8D2AD1C8080094158C /* RandomUser.swift in Sources */,
				6CECD0DE2AFFD0FB00C521E0 /* BasicLayoutView.swift in Sources */,
				6CEE81D62B067B560021640B /* AdvancedCombineView.swift in Sources */,
				6C9F93912ACC470E0015C75D /* InfiniteScrollView.swift in Sources */,
				6C9F93892ACC14FF0015C75D /* AppState.swift in Sources */,
				6CECD0DA2AFD3B1400C521E0 /* FrameAndFixedSize.swift in Sources */,
				6CF9C64F2ADBA2110016E2F3 /* Week7ContentView.swift in Sources */,
				6C9F938B2ACC155F0015C75D /* AppAction.swift in Sources */,
				6C9F93802ACBE81F0015C75D /* LazyVGridView.swift in Sources */,
				6CE1BB922AD1CDAB0094158C /* RandomUserView.swift in Sources */,
				6C9F939A2ACC55A90015C75D /* TestLazyVStackView.swift in Sources */,
				6C73F83E2ADE3E7600A1B0D7 /* ThemeView.swift in Sources */,
				6C9F937E2ACBE0BE0015C75D /* MenuView.swift in Sources */,
				6C73F8462ADE6F5600A1B0D7 /* Theme.swift in Sources */,
				6CECD0D62AFD04EC00C521E0 /* VStackTestView.swift in Sources */,
				6CECD0DC2AFD3D3000C521E0 /* ProposedSizeTest.swift in Sources */,
				6CECD0E62B04C30E00C521E0 /* BookStore.swift in Sources */,
				6CF9C6532ADD59E00016E2F3 /* TextFieldAlertView.swift in Sources */,
				6C9F93872ACC13B10015C75D /* DiceView.swift in Sources */,
				6CF9C6592ADDF2EF0016E2F3 /* WebViewRefreshController.swift in Sources */,
				6C9F938D2ACC15B00015C75D /* Reducer.swift in Sources */,
				6C73F8422ADE51F000A1B0D7 /* CustomEnvironmentKeyTestView.swift in Sources */,
				6C9F938F2ACC17B90015C75D /* AppStore.swift in Sources */,
				6C9F936F2ACBDFA50015C75D /* studyApp.swift in Sources */,
			);
			runOnlyForDeploymentPostprocessing = 0;
		};
/* End PBXSourcesBuildPhase section */

/* Begin XCBuildConfiguration section */
		6C9F93772ACBDFA70015C75D /* Debug */ = {
			isa = XCBuildConfiguration;
			buildSettings = {
				ALWAYS_SEARCH_USER_PATHS = NO;
				ASSETCATALOG_COMPILER_GENERATE_SWIFT_ASSET_SYMBOL_EXTENSIONS = YES;
				CLANG_ANALYZER_NONNULL = YES;
				CLANG_ANALYZER_NUMBER_OBJECT_CONVERSION = YES_AGGRESSIVE;
				CLANG_CXX_LANGUAGE_STANDARD = "gnu++20";
				CLANG_ENABLE_MODULES = YES;
				CLANG_ENABLE_OBJC_ARC = YES;
				CLANG_ENABLE_OBJC_WEAK = YES;
				CLANG_WARN_BLOCK_CAPTURE_AUTORELEASING = YES;
				CLANG_WARN_BOOL_CONVERSION = YES;
				CLANG_WARN_COMMA = YES;
				CLANG_WARN_CONSTANT_CONVERSION = YES;
				CLANG_WARN_DEPRECATED_OBJC_IMPLEMENTATIONS = YES;
				CLANG_WARN_DIRECT_OBJC_ISA_USAGE = YES_ERROR;
				CLANG_WARN_DOCUMENTATION_COMMENTS = YES;
				CLANG_WARN_EMPTY_BODY = YES;
				CLANG_WARN_ENUM_CONVERSION = YES;
				CLANG_WARN_INFINITE_RECURSION = YES;
				CLANG_WARN_INT_CONVERSION = YES;
				CLANG_WARN_NON_LITERAL_NULL_CONVERSION = YES;
				CLANG_WARN_OBJC_IMPLICIT_RETAIN_SELF = YES;
				CLANG_WARN_OBJC_LITERAL_CONVERSION = YES;
				CLANG_WARN_OBJC_ROOT_CLASS = YES_ERROR;
				CLANG_WARN_QUOTED_INCLUDE_IN_FRAMEWORK_HEADER = YES;
				CLANG_WARN_RANGE_LOOP_ANALYSIS = YES;
				CLANG_WARN_STRICT_PROTOTYPES = YES;
				CLANG_WARN_SUSPICIOUS_MOVE = YES;
				CLANG_WARN_UNGUARDED_AVAILABILITY = YES_AGGRESSIVE;
				CLANG_WARN_UNREACHABLE_CODE = YES;
				CLANG_WARN__DUPLICATE_METHOD_MATCH = YES;
				COPY_PHASE_STRIP = NO;
				DEBUG_INFORMATION_FORMAT = dwarf;
				ENABLE_STRICT_OBJC_MSGSEND = YES;
				ENABLE_TESTABILITY = YES;
				ENABLE_USER_SCRIPT_SANDBOXING = YES;
				GCC_C_LANGUAGE_STANDARD = gnu17;
				GCC_DYNAMIC_NO_PIC = NO;
				GCC_NO_COMMON_BLOCKS = YES;
				GCC_OPTIMIZATION_LEVEL = 0;
				GCC_PREPROCESSOR_DEFINITIONS = (
					"DEBUG=1",
					"$(inherited)",
				);
				GCC_WARN_64_TO_32_BIT_CONVERSION = YES;
				GCC_WARN_ABOUT_RETURN_TYPE = YES_ERROR;
				GCC_WARN_UNDECLARED_SELECTOR = YES;
				GCC_WARN_UNINITIALIZED_AUTOS = YES_AGGRESSIVE;
				GCC_WARN_UNUSED_FUNCTION = YES;
				GCC_WARN_UNUSED_VARIABLE = YES;
				IPHONEOS_DEPLOYMENT_TARGET = 17.0;
				LOCALIZATION_PREFERS_STRING_CATALOGS = YES;
				MTL_ENABLE_DEBUG_INFO = INCLUDE_SOURCE;
				MTL_FAST_MATH = YES;
				ONLY_ACTIVE_ARCH = YES;
				SDKROOT = iphoneos;
				SWIFT_ACTIVE_COMPILATION_CONDITIONS = "DEBUG $(inherited)";
				SWIFT_OPTIMIZATION_LEVEL = "-Onone";
			};
			name = Debug;
		};
		6C9F93782ACBDFA70015C75D /* Release */ = {
			isa = XCBuildConfiguration;
			buildSettings = {
				ALWAYS_SEARCH_USER_PATHS = NO;
				ASSETCATALOG_COMPILER_GENERATE_SWIFT_ASSET_SYMBOL_EXTENSIONS = YES;
				CLANG_ANALYZER_NONNULL = YES;
				CLANG_ANALYZER_NUMBER_OBJECT_CONVERSION = YES_AGGRESSIVE;
				CLANG_CXX_LANGUAGE_STANDARD = "gnu++20";
				CLANG_ENABLE_MODULES = YES;
				CLANG_ENABLE_OBJC_ARC = YES;
				CLANG_ENABLE_OBJC_WEAK = YES;
				CLANG_WARN_BLOCK_CAPTURE_AUTORELEASING = YES;
				CLANG_WARN_BOOL_CONVERSION = YES;
				CLANG_WARN_COMMA = YES;
				CLANG_WARN_CONSTANT_CONVERSION = YES;
				CLANG_WARN_DEPRECATED_OBJC_IMPLEMENTATIONS = YES;
				CLANG_WARN_DIRECT_OBJC_ISA_USAGE = YES_ERROR;
				CLANG_WARN_DOCUMENTATION_COMMENTS = YES;
				CLANG_WARN_EMPTY_BODY = YES;
				CLANG_WARN_ENUM_CONVERSION = YES;
				CLANG_WARN_INFINITE_RECURSION = YES;
				CLANG_WARN_INT_CONVERSION = YES;
				CLANG_WARN_NON_LITERAL_NULL_CONVERSION = YES;
				CLANG_WARN_OBJC_IMPLICIT_RETAIN_SELF = YES;
				CLANG_WARN_OBJC_LITERAL_CONVERSION = YES;
				CLANG_WARN_OBJC_ROOT_CLASS = YES_ERROR;
				CLANG_WARN_QUOTED_INCLUDE_IN_FRAMEWORK_HEADER = YES;
				CLANG_WARN_RANGE_LOOP_ANALYSIS = YES;
				CLANG_WARN_STRICT_PROTOTYPES = YES;
				CLANG_WARN_SUSPICIOUS_MOVE = YES;
				CLANG_WARN_UNGUARDED_AVAILABILITY = YES_AGGRESSIVE;
				CLANG_WARN_UNREACHABLE_CODE = YES;
				CLANG_WARN__DUPLICATE_METHOD_MATCH = YES;
				COPY_PHASE_STRIP = NO;
				DEBUG_INFORMATION_FORMAT = "dwarf-with-dsym";
				ENABLE_NS_ASSERTIONS = NO;
				ENABLE_STRICT_OBJC_MSGSEND = YES;
				ENABLE_USER_SCRIPT_SANDBOXING = YES;
				GCC_C_LANGUAGE_STANDARD = gnu17;
				GCC_NO_COMMON_BLOCKS = YES;
				GCC_WARN_64_TO_32_BIT_CONVERSION = YES;
				GCC_WARN_ABOUT_RETURN_TYPE = YES_ERROR;
				GCC_WARN_UNDECLARED_SELECTOR = YES;
				GCC_WARN_UNINITIALIZED_AUTOS = YES_AGGRESSIVE;
				GCC_WARN_UNUSED_FUNCTION = YES;
				GCC_WARN_UNUSED_VARIABLE = YES;
				IPHONEOS_DEPLOYMENT_TARGET = 17.0;
				LOCALIZATION_PREFERS_STRING_CATALOGS = YES;
				MTL_ENABLE_DEBUG_INFO = NO;
				MTL_FAST_MATH = YES;
				SDKROOT = iphoneos;
				SWIFT_COMPILATION_MODE = wholemodule;
				VALIDATE_PRODUCT = YES;
			};
			name = Release;
		};
		6C9F937A2ACBDFA70015C75D /* Debug */ = {
			isa = XCBuildConfiguration;
			buildSettings = {
				ASSETCATALOG_COMPILER_APPICON_NAME = AppIcon;
				ASSETCATALOG_COMPILER_GLOBAL_ACCENT_COLOR_NAME = AccentColor;
				CODE_SIGN_STYLE = Automatic;
				CURRENT_PROJECT_VERSION = 1;
				DEVELOPMENT_ASSET_PATHS = "\"study/Preview Content\"";
				ENABLE_PREVIEWS = YES;
				GENERATE_INFOPLIST_FILE = YES;
				INFOPLIST_KEY_UIApplicationSceneManifest_Generation = YES;
				INFOPLIST_KEY_UIApplicationSupportsIndirectInputEvents = YES;
				INFOPLIST_KEY_UILaunchScreen_Generation = YES;
				INFOPLIST_KEY_UISupportedInterfaceOrientations_iPad = "UIInterfaceOrientationPortrait UIInterfaceOrientationPortraitUpsideDown UIInterfaceOrientationLandscapeLeft UIInterfaceOrientationLandscapeRight";
				INFOPLIST_KEY_UISupportedInterfaceOrientations_iPhone = "UIInterfaceOrientationPortrait UIInterfaceOrientationLandscapeLeft UIInterfaceOrientationLandscapeRight";
				LD_RUNPATH_SEARCH_PATHS = (
					"$(inherited)",
					"@executable_path/Frameworks",
				);
				MARKETING_VERSION = 1.0;
				PRODUCT_BUNDLE_IDENTIFIER = com.framios.study;
				PRODUCT_NAME = "$(TARGET_NAME)";
				SWIFT_EMIT_LOC_STRINGS = YES;
				SWIFT_VERSION = 5.0;
				TARGETED_DEVICE_FAMILY = "1,2";
			};
			name = Debug;
		};
		6C9F937B2ACBDFA70015C75D /* Release */ = {
			isa = XCBuildConfiguration;
			buildSettings = {
				ASSETCATALOG_COMPILER_APPICON_NAME = AppIcon;
				ASSETCATALOG_COMPILER_GLOBAL_ACCENT_COLOR_NAME = AccentColor;
				CODE_SIGN_STYLE = Automatic;
				CURRENT_PROJECT_VERSION = 1;
				DEVELOPMENT_ASSET_PATHS = "\"study/Preview Content\"";
				ENABLE_PREVIEWS = YES;
				GENERATE_INFOPLIST_FILE = YES;
				INFOPLIST_KEY_UIApplicationSceneManifest_Generation = YES;
				INFOPLIST_KEY_UIApplicationSupportsIndirectInputEvents = YES;
				INFOPLIST_KEY_UILaunchScreen_Generation = YES;
				INFOPLIST_KEY_UISupportedInterfaceOrientations_iPad = "UIInterfaceOrientationPortrait UIInterfaceOrientationPortraitUpsideDown UIInterfaceOrientationLandscapeLeft UIInterfaceOrientationLandscapeRight";
				INFOPLIST_KEY_UISupportedInterfaceOrientations_iPhone = "UIInterfaceOrientationPortrait UIInterfaceOrientationLandscapeLeft UIInterfaceOrientationLandscapeRight";
				LD_RUNPATH_SEARCH_PATHS = (
					"$(inherited)",
					"@executable_path/Frameworks",
				);
				MARKETING_VERSION = 1.0;
				PRODUCT_BUNDLE_IDENTIFIER = com.framios.study;
				PRODUCT_NAME = "$(TARGET_NAME)";
				SWIFT_EMIT_LOC_STRINGS = YES;
				SWIFT_VERSION = 5.0;
				TARGETED_DEVICE_FAMILY = "1,2";
			};
			name = Release;
		};
/* End XCBuildConfiguration section */

/* Begin XCConfigurationList section */
		6C9F93662ACBDFA50015C75D /* Build configuration list for PBXProject "study" */ = {
			isa = XCConfigurationList;
			buildConfigurations = (
				6C9F93772ACBDFA70015C75D /* Debug */,
				6C9F93782ACBDFA70015C75D /* Release */,
			);
			defaultConfigurationIsVisible = 0;
			defaultConfigurationName = Release;
		};
		6C9F93792ACBDFA70015C75D /* Build configuration list for PBXNativeTarget "study" */ = {
			isa = XCConfigurationList;
			buildConfigurations = (
				6C9F937A2ACBDFA70015C75D /* Debug */,
				6C9F937B2ACBDFA70015C75D /* Release */,
			);
			defaultConfigurationIsVisible = 0;
			defaultConfigurationName = Release;
		};
/* End XCConfigurationList section */

/* Begin XCRemoteSwiftPackageReference section */
		6CE1BB7F2AD1C23B0094158C /* XCRemoteSwiftPackageReference "url-image" */ = {
			isa = XCRemoteSwiftPackageReference;
			repositoryURL = "https://github.com/dmytro-anokhin/url-image";
			requirement = {
				kind = upToNextMajorVersion;
				minimumVersion = 3.1.1;
			};
		};
		6CE1BB862AD1C7290094158C /* XCRemoteSwiftPackageReference "Alamofire" */ = {
			isa = XCRemoteSwiftPackageReference;
			repositoryURL = "https://github.com/Alamofire/Alamofire.git";
			requirement = {
				kind = upToNextMajorVersion;
				minimumVersion = 5.8.0;
			};
		};
		6CE1BB942AD2A74A0094158C /* XCRemoteSwiftPackageReference "swiftui-introspect" */ = {
			isa = XCRemoteSwiftPackageReference;
			repositoryURL = "https://github.com/siteline/swiftui-introspect";
			requirement = {
				kind = upToNextMajorVersion;
				minimumVersion = 1.1.0;
			};
		};
/* End XCRemoteSwiftPackageReference section */

/* Begin XCSwiftPackageProductDependency section */
		6CE1BB802AD1C23C0094158C /* URLImage */ = {
			isa = XCSwiftPackageProductDependency;
			package = 6CE1BB7F2AD1C23B0094158C /* XCRemoteSwiftPackageReference "url-image" */;
			productName = URLImage;
		};
		6CE1BB822AD1C23C0094158C /* URLImageStore */ = {
			isa = XCSwiftPackageProductDependency;
			package = 6CE1BB7F2AD1C23B0094158C /* XCRemoteSwiftPackageReference "url-image" */;
			productName = URLImageStore;
		};
		6CE1BB872AD1C7290094158C /* Alamofire */ = {
			isa = XCSwiftPackageProductDependency;
			package = 6CE1BB862AD1C7290094158C /* XCRemoteSwiftPackageReference "Alamofire" */;
			productName = Alamofire;
		};
		6CE1BB952AD2A74B0094158C /* SwiftUIIntrospect */ = {
			isa = XCSwiftPackageProductDependency;
			package = 6CE1BB942AD2A74A0094158C /* XCRemoteSwiftPackageReference "swiftui-introspect" */;
			productName = SwiftUIIntrospect;
		};
		6CE1BB972AD2A74B0094158C /* SwiftUIIntrospect-Dynamic */ = {
			isa = XCSwiftPackageProductDependency;
			package = 6CE1BB942AD2A74A0094158C /* XCRemoteSwiftPackageReference "swiftui-introspect" */;
			productName = "SwiftUIIntrospect-Dynamic";
		};
		6CE1BB992AD2A74B0094158C /* SwiftUIIntrospect-Static */ = {
			isa = XCSwiftPackageProductDependency;
			package = 6CE1BB942AD2A74A0094158C /* XCRemoteSwiftPackageReference "swiftui-introspect" */;
			productName = "SwiftUIIntrospect-Static";
		};
/* End XCSwiftPackageProductDependency section */
	};
	rootObject = 6C9F93632ACBDFA50015C75D /* Project object */;
}
